
Microsoft Visual Studio Solution File, Format Version 12.00
# Visual Studio Version 17
VisualStudioVersion = 17.6.33712.159
MinimumVisualStudioVersion = 10.0.40219.1
Project("{9A19103F-16F7-4668-BE54-9A1E7A4F7556}") = "webapi", "webapi\webapi.csproj", "{F05FB3AD-5E05-4EE5-B691-2BA876E08B65}"
EndProject
Project("{54A90642-561A-4BB1-A94E-469ADEE60C69}") = "clientapp", "clientapp\clientapp.esproj", "{1455B7D4-8520-4D16-86B3-5A63BE92E5EA}"
EndProject
Global
	GlobalSection(SolutionConfigurationPlatforms) = preSolution
		Debug|Any CPU = Debug|Any CPU
		Release|Any CPU = Release|Any CPU
	EndGlobalSection
	GlobalSection(ProjectConfigurationPlatforms) = postSolution
		{F05FB3AD-5E05-4EE5-B691-2BA876E08B65}.Debug|Any CPU.ActiveCfg = Debug|Any CPU
		{F05FB3AD-5E05-4EE5-B691-2BA876E08B65}.Debug|Any CPU.Build.0 = Debug|Any CPU
		{F05FB3AD-5E05-4EE5-B691-2BA876E08B65}.Release|Any CPU.ActiveCfg = Release|Any CPU
		{F05FB3AD-5E05-4EE5-B691-2BA876E08B65}.Release|Any CPU.Build.0 = Release|Any CPU
		{1455B7D4-8520-4D16-86B3-5A63BE92E5EA}.Debug|Any CPU.ActiveCfg = Debug|Any CPU
		{1455B7D4-8520-4D16-86B3-5A63BE92E5EA}.Debug|Any CPU.Build.0 = Debug|Any CPU
		{1455B7D4-8520-4D16-86B3-5A63BE92E5EA}.Debug|Any CPU.Deploy.0 = Debug|Any CPU
		{1455B7D4-8520-4D16-86B3-5A63BE92E5EA}.Release|Any CPU.ActiveCfg = Release|Any CPU
		{1455B7D4-8520-4D16-86B3-5A63BE92E5EA}.Release|Any CPU.Build.0 = Release|Any CPU
		{1455B7D4-8520-4D16-86B3-5A63BE92E5EA}.Release|Any CPU.Deploy.0 = Release|Any CPU
	EndGlobalSection
	GlobalSection(SolutionProperties) = preSolution
		HideSolutionNode = FALSE
	EndGlobalSection
	GlobalSection(ExtensibilityGlobals) = postSolution
		SolutionGuid = {BB7EF4D4-2496-406E-ADF6-434E69BAB133}
	EndGlobalSection
EndGlobal
